
Microsoft Visual Studio Solution File, Format Version 12.00
# Visual Studio Version 17
VisualStudioVersion = 17.4.33403.182
MinimumVisualStudioVersion = 10.0.40219.1
Project("{FAE04EC0-301F-11D3-BF4B-00C04F79EFBC}") = "RazorMessageWall", "RazorMessageWall\RazorMessageWall.csproj", "{6E684484-1EA9-4D60-A93F-56C485B7D97A}"
EndProject
Global
	GlobalSection(SolutionConfigurationPlatforms) = preSolution
		Debug|Any CPU = Debug|Any CPU
		Release|Any CPU = Release|Any CPU
	EndGlobalSection
	GlobalSection(ProjectConfigurationPlatforms) = postSolution
		{6E684484-1EA9-4D60-A93F-56C485B7D97A}.Debug|Any CPU.ActiveCfg = Debug|Any CPU
		{6E684484-1EA9-4D60-A93F-56C485B7D97A}.Debug|Any CPU.Build.0 = Debug|Any CPU
		{6E684484-1EA9-4D60-A93F-56C485B7D97A}.Release|Any CPU.ActiveCfg = Release|Any CPU
		{6E684484-1EA9-4D60-A93F-56C485B7D97A}.Release|Any CPU.Build.0 = Release|Any CPU
	EndGlobalSection
	GlobalSection(SolutionProperties) = preSolution
		HideSolutionNode = FALSE
	EndGlobalSection
	GlobalSection(ExtensibilityGlobals) = postSolution
		SolutionGuid = {B2619658-D134-457D-9308-52F4308B89BC}
	EndGlobalSection
EndGlobal
